
Microsoft Visual Studio Solution File, Format Version 12.00
# Visual Studio Version 17
VisualStudioVersion = 17.5.002.0
MinimumVisualStudioVersion = 10.0.40219.1
Project("{9A19103F-16F7-4668-BE54-9A1E7A4F7556}") = "SpotifyPlaylists", "SpotifyPlaylists.csproj", "{DEF111AD-5930-417E-9026-0BFD9A2D2E7A}"
EndProject
Global
	GlobalSection(SolutionConfigurationPlatforms) = preSolution
		Debug|Any CPU = Debug|Any CPU
		Release|Any CPU = Release|Any CPU
	EndGlobalSection
	GlobalSection(ProjectConfigurationPlatforms) = postSolution
		{DEF111AD-5930-417E-9026-0BFD9A2D2E7A}.Debug|Any CPU.ActiveCfg = Debug|Any CPU
		{DEF111AD-5930-417E-9026-0BFD9A2D2E7A}.Debug|Any CPU.Build.0 = Debug|Any CPU
		{DEF111AD-5930-417E-9026-0BFD9A2D2E7A}.Release|Any CPU.ActiveCfg = Release|Any CPU
		{DEF111AD-5930-417E-9026-0BFD9A2D2E7A}.Release|Any CPU.Build.0 = Release|Any CPU
	EndGlobalSection
	GlobalSection(SolutionProperties) = preSolution
		HideSolutionNode = FALSE
	EndGlobalSection
	GlobalSection(ExtensibilityGlobals) = postSolution
		SolutionGuid = {1A1036B5-0D56-43D7-978A-3B17CA642906}
	EndGlobalSection
EndGlobal
